// !$*UTF8*$!
{
	archiveVersion = 1;
	classes = {
	};
	objectVersion = 50;
	objects = {

/* Begin PBXBuildFile section */
		84105B892360DABC00897773 /* CurrencyCell.swift in Sources */ = {isa = PBXBuildFile; fileRef = 84105B872360DABC00897773 /* CurrencyCell.swift */; };
		84105B8A2360DABC00897773 /* CurrencyCell.xib in Resources */ = {isa = PBXBuildFile; fileRef = 84105B882360DABC00897773 /* CurrencyCell.xib */; };
		84105B8C2360DE1300897773 /* Database.swift in Sources */ = {isa = PBXBuildFile; fileRef = 84105B8B2360DE1300897773 /* Database.swift */; };
		84135E5723677353008841A7 /* UIViewController+describing.swift in Sources */ = {isa = PBXBuildFile; fileRef = 84135E5623677353008841A7 /* UIViewController+describing.swift */; };
		84135E5923677415008841A7 /* UIViewController+DescribingSpec.swift in Sources */ = {isa = PBXBuildFile; fileRef = 84135E5823677415008841A7 /* UIViewController+DescribingSpec.swift */; };
		84135E602367765C008841A7 /* Database+CurrencySpec.swift in Sources */ = {isa = PBXBuildFile; fileRef = 84135E5F2367765C008841A7 /* Database+CurrencySpec.swift */; };
		84135E62236778D7008841A7 /* DatabaseSpec.swift in Sources */ = {isa = PBXBuildFile; fileRef = 84135E61236778D7008841A7 /* DatabaseSpec.swift */; };
		8418F2162362176D00FC4AFF /* CurrencyPair.swift in Sources */ = {isa = PBXBuildFile; fileRef = 8418F2152362176D00FC4AFF /* CurrencyPair.swift */; };
		842CF35D23621D8B0086F63A /* CDCurrencyPair+CurrencyPair.swift in Sources */ = {isa = PBXBuildFile; fileRef = 842CF35C23621D8B0086F63A /* CDCurrencyPair+CurrencyPair.swift */; };
		842CF3612362201E0086F63A /* UIView+reuse.swift in Sources */ = {isa = PBXBuildFile; fileRef = 842CF3602362201E0086F63A /* UIView+reuse.swift */; };
		842CF363236220360086F63A /* UITableView+reuse.swift in Sources */ = {isa = PBXBuildFile; fileRef = 842CF362236220360086F63A /* UITableView+reuse.swift */; };
		842CF365236223DE0086F63A /* ActionButton.swift in Sources */ = {isa = PBXBuildFile; fileRef = 842CF364236223DE0086F63A /* ActionButton.swift */; };
		842CF36823622D480086F63A /* CurrencyRateCell.swift in Sources */ = {isa = PBXBuildFile; fileRef = 842CF36623622D480086F63A /* CurrencyRateCell.swift */; };
		842CF36923622D480086F63A /* CurrencyRateCell.xib in Resources */ = {isa = PBXBuildFile; fileRef = 842CF36723622D480086F63A /* CurrencyRateCell.xib */; };
		842CF36B2362D3AD0086F63A /* NotificationManager.swift in Sources */ = {isa = PBXBuildFile; fileRef = 842CF36A2362D3AD0086F63A /* NotificationManager.swift */; };
		8437A6372364CDCF007AEF54 /* Service+RequestsSpec.swift in Sources */ = {isa = PBXBuildFile; fileRef = 8437A6362364CDCF007AEF54 /* Service+RequestsSpec.swift */; };
		8437A6392364D2E0007AEF54 /* ExchangeRateRequestSpec.swift in Sources */ = {isa = PBXBuildFile; fileRef = 8437A6382364D2E0007AEF54 /* ExchangeRateRequestSpec.swift */; };
		8437A63B2364D83D007AEF54 /* Request+MethodsSpec.swift in Sources */ = {isa = PBXBuildFile; fileRef = 8437A63A2364D83C007AEF54 /* Request+MethodsSpec.swift */; };
		8437A64B2364DEF8007AEF54 /* CurrencyLabel.swift in Sources */ = {isa = PBXBuildFile; fileRef = 8437A64A2364DEF8007AEF54 /* CurrencyLabel.swift */; };
		8437A64D2364EBFE007AEF54 /* CurrencyRateModel.swift in Sources */ = {isa = PBXBuildFile; fileRef = 8437A64C2364EBFE007AEF54 /* CurrencyRateModel.swift */; };
		8437A64F2364EC12007AEF54 /* RoundedImageView.swift in Sources */ = {isa = PBXBuildFile; fileRef = 8437A64E2364EC12007AEF54 /* RoundedImageView.swift */; };
		8437A6512364EC3E007AEF54 /* CurrencyCellItem.swift in Sources */ = {isa = PBXBuildFile; fileRef = 8437A6502364EC3E007AEF54 /* CurrencyCellItem.swift */; };
		8437A6532364EC68007AEF54 /* DummyFileType.swift in Sources */ = {isa = PBXBuildFile; fileRef = 8437A6522364EC68007AEF54 /* DummyFileType.swift */; };
		844152692360A1F300E4A7B2 /* AppDelegate.swift in Sources */ = {isa = PBXBuildFile; fileRef = 844152682360A1F300E4A7B2 /* AppDelegate.swift */; };
		844152732360A1F300E4A7B2 /* revolut_ios_test.xcdatamodeld in Sources */ = {isa = PBXBuildFile; fileRef = 844152712360A1F300E4A7B2 /* revolut_ios_test.xcdatamodeld */; };
		844152752360A1F500E4A7B2 /* Assets.xcassets in Resources */ = {isa = PBXBuildFile; fileRef = 844152742360A1F500E4A7B2 /* Assets.xcassets */; };
		844152782360A1F500E4A7B2 /* LaunchScreen.storyboard in Resources */ = {isa = PBXBuildFile; fileRef = 844152762360A1F500E4A7B2 /* LaunchScreen.storyboard */; };
		844152932360A42A00E4A7B2 /* currencies.json in Resources */ = {isa = PBXBuildFile; fileRef = 844152922360A42A00E4A7B2 /* currencies.json */; };
		844152952360A48000E4A7B2 /* Currency.swift in Sources */ = {isa = PBXBuildFile; fileRef = 844152942360A48000E4A7B2 /* Currency.swift */; };
		844152972360A4DB00E4A7B2 /* Service.swift in Sources */ = {isa = PBXBuildFile; fileRef = 844152962360A4DB00E4A7B2 /* Service.swift */; };
		8441529A2360A70B00E4A7B2 /* ExchangeRateRequest.swift in Sources */ = {isa = PBXBuildFile; fileRef = 844152992360A70B00E4A7B2 /* ExchangeRateRequest.swift */; };
		8441529C2360A86500E4A7B2 /* RequestMethod.swift in Sources */ = {isa = PBXBuildFile; fileRef = 8441529B2360A86500E4A7B2 /* RequestMethod.swift */; };
		8441529E2360A87D00E4A7B2 /* Request.swift in Sources */ = {isa = PBXBuildFile; fileRef = 8441529D2360A87D00E4A7B2 /* Request.swift */; };
		8488E3C2236358A600374CEE /* CurrencyCompareViewModelSpec.swift in Sources */ = {isa = PBXBuildFile; fileRef = 8488E3C1236358A600374CEE /* CurrencyCompareViewModelSpec.swift */; };
		8488E3C72364809A00374CEE /* JSONSerializerSpec.swift in Sources */ = {isa = PBXBuildFile; fileRef = 8488E3C62364809A00374CEE /* JSONSerializerSpec.swift */; };
		8488E3C92364843900374CEE /* RequestMethodSpec.swift in Sources */ = {isa = PBXBuildFile; fileRef = 8488E3C82364843900374CEE /* RequestMethodSpec.swift */; };
		8488E3CB236484FB00374CEE /* ServiceSpec.swift in Sources */ = {isa = PBXBuildFile; fileRef = 8488E3CA236484FB00374CEE /* ServiceSpec.swift */; };
		84B7DBF8236343F0000B6702 /* AppConstantsSpec.swift in Sources */ = {isa = PBXBuildFile; fileRef = 84B7DBF7236343F0000B6702 /* AppConstantsSpec.swift */; };
		84B7DBFA236344CA000B6702 /* NotificationManagerSpec.swift in Sources */ = {isa = PBXBuildFile; fileRef = 84B7DBF9236344CA000B6702 /* NotificationManagerSpec.swift */; };
		84B7DBFC23634708000B6702 /* UIView+ReuseSpec.swift in Sources */ = {isa = PBXBuildFile; fileRef = 84B7DBFB23634708000B6702 /* UIView+ReuseSpec.swift */; };
		84B7DC00236347DC000B6702 /* MockCell.swift in Sources */ = {isa = PBXBuildFile; fileRef = 84B7DBFE236347DC000B6702 /* MockCell.swift */; };
		84B7DC01236347DC000B6702 /* MockCell.xib in Resources */ = {isa = PBXBuildFile; fileRef = 84B7DBFF236347DC000B6702 /* MockCell.xib */; };
		84B7DC06236348E4000B6702 /* CurrencyCellSpec.swift in Sources */ = {isa = PBXBuildFile; fileRef = 84B7DC05236348E4000B6702 /* CurrencyCellSpec.swift */; };
		84B7DC0923634DFC000B6702 /* CurrencySpec.swift in Sources */ = {isa = PBXBuildFile; fileRef = 84B7DC0823634DFC000B6702 /* CurrencySpec.swift */; };
		84B7DC0B23634F10000B6702 /* CurrencyPairSpec.swift in Sources */ = {isa = PBXBuildFile; fileRef = 84B7DC0A23634F10000B6702 /* CurrencyPairSpec.swift */; };
		84B7DC0F23635036000B6702 /* CurrenciesViewModelSpec.swift in Sources */ = {isa = PBXBuildFile; fileRef = 84B7DC0E23635036000B6702 /* CurrenciesViewModelSpec.swift */; };
		84B7DC1123635171000B6702 /* MockPersistence.swift in Sources */ = {isa = PBXBuildFile; fileRef = 84B7DC1023635171000B6702 /* MockPersistence.swift */; };
		84C0876623677EB00068A851 /* CurrenciesViewControllerSpec.swift in Sources */ = {isa = PBXBuildFile; fileRef = 84C0876523677EB00068A851 /* CurrenciesViewControllerSpec.swift */; };
		84D9B8662360B5F50012E377 /* JSONSerializer.swift in Sources */ = {isa = PBXBuildFile; fileRef = 84D9B8652360B5F50012E377 /* JSONSerializer.swift */; };
		84D9B8682360B6110012E377 /* Request+Methods.swift in Sources */ = {isa = PBXBuildFile; fileRef = 84D9B8672360B6110012E377 /* Request+Methods.swift */; };
		84D9B86A2360B6740012E377 /* ApiResponse.swift in Sources */ = {isa = PBXBuildFile; fileRef = 84D9B8692360B6740012E377 /* ApiResponse.swift */; };
		84D9B86C2360B69F0012E377 /* Service+Requests.swift in Sources */ = {isa = PBXBuildFile; fileRef = 84D9B86B2360B69F0012E377 /* Service+Requests.swift */; };
		84D9B86E2360B6CE0012E377 /* BackendRequesting.swift in Sources */ = {isa = PBXBuildFile; fileRef = 84D9B86D2360B6CE0012E377 /* BackendRequesting.swift */; };
		84D9B8712360B6F70012E377 /* AppConstants.swift in Sources */ = {isa = PBXBuildFile; fileRef = 84D9B8702360B6F70012E377 /* AppConstants.swift */; };
		84D9B8732360B7EE0012E377 /* BackendError.swift in Sources */ = {isa = PBXBuildFile; fileRef = 84D9B8722360B7EE0012E377 /* BackendError.swift */; };
		84D9B8762360BAE00012E377 /* CurrencyCompareViewController.swift in Sources */ = {isa = PBXBuildFile; fileRef = 84D9B8752360BAE00012E377 /* CurrencyCompareViewController.swift */; };
		84D9B8782360BB130012E377 /* CurrencyCompareViewModel.swift in Sources */ = {isa = PBXBuildFile; fileRef = 84D9B8772360BB130012E377 /* CurrencyCompareViewModel.swift */; };
		84D9B87A2360BB280012E377 /* CurrencyCompare.storyboard in Resources */ = {isa = PBXBuildFile; fileRef = 84D9B8792360BB280012E377 /* CurrencyCompare.storyboard */; };
		84D9B87D2360BCF30012E377 /* Currencies.storyboard in Resources */ = {isa = PBXBuildFile; fileRef = 84D9B87C2360BCF30012E377 /* Currencies.storyboard */; };
		84D9B87F2360BCFE0012E377 /* CurrenciesViewController.swift in Sources */ = {isa = PBXBuildFile; fileRef = 84D9B87E2360BCFE0012E377 /* CurrenciesViewController.swift */; };
		84D9B8812360BD060012E377 /* CurrenciesViewModel.swift in Sources */ = {isa = PBXBuildFile; fileRef = 84D9B8802360BD060012E377 /* CurrenciesViewModel.swift */; };
		84F9147C236211E00038542C /* Database+Currency.swift in Sources */ = {isa = PBXBuildFile; fileRef = 84F9147B236211E00038542C /* Database+Currency.swift */; };
/* End PBXBuildFile section */

/* Begin PBXContainerItemProxy section */
		8441527F2360A1F500E4A7B2 /* PBXContainerItemProxy */ = {
			isa = PBXContainerItemProxy;
			containerPortal = 8441525D2360A1F300E4A7B2 /* Project object */;
			proxyType = 1;
			remoteGlobalIDString = 844152642360A1F300E4A7B2;
			remoteInfo = revolut_ios_test;
		};
/* End PBXContainerItemProxy section */

/* Begin PBXFileReference section */
		84105B872360DABC00897773 /* CurrencyCell.swift */ = {isa = PBXFileReference; lastKnownFileType = sourcecode.swift; path = CurrencyCell.swift; sourceTree = "<group>"; };
		84105B882360DABC00897773 /* CurrencyCell.xib */ = {isa = PBXFileReference; lastKnownFileType = file.xib; path = CurrencyCell.xib; sourceTree = "<group>"; };
		84105B8B2360DE1300897773 /* Database.swift */ = {isa = PBXFileReference; lastKnownFileType = sourcecode.swift; path = Database.swift; sourceTree = "<group>"; };
		84135E5623677353008841A7 /* UIViewController+describing.swift */ = {isa = PBXFileReference; lastKnownFileType = sourcecode.swift; path = "UIViewController+describing.swift"; sourceTree = "<group>"; };
		84135E5823677415008841A7 /* UIViewController+DescribingSpec.swift */ = {isa = PBXFileReference; lastKnownFileType = sourcecode.swift; path = "UIViewController+DescribingSpec.swift"; sourceTree = "<group>"; };
		84135E5F2367765C008841A7 /* Database+CurrencySpec.swift */ = {isa = PBXFileReference; lastKnownFileType = sourcecode.swift; path = "Database+CurrencySpec.swift"; sourceTree = "<group>"; };
		84135E61236778D7008841A7 /* DatabaseSpec.swift */ = {isa = PBXFileReference; lastKnownFileType = sourcecode.swift; path = DatabaseSpec.swift; sourceTree = "<group>"; };
		8418F2152362176D00FC4AFF /* CurrencyPair.swift */ = {isa = PBXFileReference; lastKnownFileType = sourcecode.swift; path = CurrencyPair.swift; sourceTree = "<group>"; };
		842CF35C23621D8B0086F63A /* CDCurrencyPair+CurrencyPair.swift */ = {isa = PBXFileReference; lastKnownFileType = sourcecode.swift; path = "CDCurrencyPair+CurrencyPair.swift"; sourceTree = "<group>"; };
		842CF3602362201E0086F63A /* UIView+reuse.swift */ = {isa = PBXFileReference; lastKnownFileType = sourcecode.swift; path = "UIView+reuse.swift"; sourceTree = "<group>"; };
		842CF362236220360086F63A /* UITableView+reuse.swift */ = {isa = PBXFileReference; lastKnownFileType = sourcecode.swift; path = "UITableView+reuse.swift"; sourceTree = "<group>"; };
		842CF364236223DE0086F63A /* ActionButton.swift */ = {isa = PBXFileReference; lastKnownFileType = sourcecode.swift; path = ActionButton.swift; sourceTree = "<group>"; };
		842CF36623622D480086F63A /* CurrencyRateCell.swift */ = {isa = PBXFileReference; lastKnownFileType = sourcecode.swift; path = CurrencyRateCell.swift; sourceTree = "<group>"; };
		842CF36723622D480086F63A /* CurrencyRateCell.xib */ = {isa = PBXFileReference; lastKnownFileType = file.xib; path = CurrencyRateCell.xib; sourceTree = "<group>"; };
		842CF36A2362D3AD0086F63A /* NotificationManager.swift */ = {isa = PBXFileReference; lastKnownFileType = sourcecode.swift; path = NotificationManager.swift; sourceTree = "<group>"; };
		8437A6362364CDCF007AEF54 /* Service+RequestsSpec.swift */ = {isa = PBXFileReference; lastKnownFileType = sourcecode.swift; path = "Service+RequestsSpec.swift"; sourceTree = "<group>"; };
		8437A6382364D2E0007AEF54 /* ExchangeRateRequestSpec.swift */ = {isa = PBXFileReference; lastKnownFileType = sourcecode.swift; path = ExchangeRateRequestSpec.swift; sourceTree = "<group>"; };
		8437A63A2364D83C007AEF54 /* Request+MethodsSpec.swift */ = {isa = PBXFileReference; lastKnownFileType = sourcecode.swift; path = "Request+MethodsSpec.swift"; sourceTree = "<group>"; };
		8437A64A2364DEF8007AEF54 /* CurrencyLabel.swift */ = {isa = PBXFileReference; lastKnownFileType = sourcecode.swift; path = CurrencyLabel.swift; sourceTree = "<group>"; };
		8437A64C2364EBFE007AEF54 /* CurrencyRateModel.swift */ = {isa = PBXFileReference; lastKnownFileType = sourcecode.swift; path = CurrencyRateModel.swift; sourceTree = "<group>"; };
		8437A64E2364EC12007AEF54 /* RoundedImageView.swift */ = {isa = PBXFileReference; lastKnownFileType = sourcecode.swift; path = RoundedImageView.swift; sourceTree = "<group>"; };
		8437A6502364EC3E007AEF54 /* CurrencyCellItem.swift */ = {isa = PBXFileReference; lastKnownFileType = sourcecode.swift; path = CurrencyCellItem.swift; sourceTree = "<group>"; };
		8437A6522364EC68007AEF54 /* DummyFileType.swift */ = {isa = PBXFileReference; lastKnownFileType = sourcecode.swift; path = DummyFileType.swift; sourceTree = "<group>"; };
		844152652360A1F300E4A7B2 /* revolut_ios_test.app */ = {isa = PBXFileReference; explicitFileType = wrapper.application; includeInIndex = 0; path = revolut_ios_test.app; sourceTree = BUILT_PRODUCTS_DIR; };
		844152682360A1F300E4A7B2 /* AppDelegate.swift */ = {isa = PBXFileReference; lastKnownFileType = sourcecode.swift; path = AppDelegate.swift; sourceTree = "<group>"; };
		844152722360A1F300E4A7B2 /* revolut_ios_test.xcdatamodel */ = {isa = PBXFileReference; lastKnownFileType = wrapper.xcdatamodel; path = revolut_ios_test.xcdatamodel; sourceTree = "<group>"; };
		844152742360A1F500E4A7B2 /* Assets.xcassets */ = {isa = PBXFileReference; lastKnownFileType = folder.assetcatalog; path = Assets.xcassets; sourceTree = "<group>"; };
		844152772360A1F500E4A7B2 /* Base */ = {isa = PBXFileReference; lastKnownFileType = file.storyboard; name = Base; path = Base.lproj/LaunchScreen.storyboard; sourceTree = "<group>"; };
		844152792360A1F500E4A7B2 /* Info.plist */ = {isa = PBXFileReference; lastKnownFileType = text.plist.xml; path = Info.plist; sourceTree = "<group>"; };
		8441527E2360A1F500E4A7B2 /* revolut_ios_testTests.xctest */ = {isa = PBXFileReference; explicitFileType = wrapper.cfbundle; includeInIndex = 0; path = revolut_ios_testTests.xctest; sourceTree = BUILT_PRODUCTS_DIR; };
		844152842360A1F500E4A7B2 /* Info.plist */ = {isa = PBXFileReference; lastKnownFileType = text.plist.xml; path = Info.plist; sourceTree = "<group>"; };
		844152922360A42A00E4A7B2 /* currencies.json */ = {isa = PBXFileReference; fileEncoding = 4; lastKnownFileType = text.json; path = currencies.json; sourceTree = "<group>"; };
		844152942360A48000E4A7B2 /* Currency.swift */ = {isa = PBXFileReference; lastKnownFileType = sourcecode.swift; path = Currency.swift; sourceTree = "<group>"; };
		844152962360A4DB00E4A7B2 /* Service.swift */ = {isa = PBXFileReference; lastKnownFileType = sourcecode.swift; path = Service.swift; sourceTree = "<group>"; };
		844152992360A70B00E4A7B2 /* ExchangeRateRequest.swift */ = {isa = PBXFileReference; lastKnownFileType = sourcecode.swift; path = ExchangeRateRequest.swift; sourceTree = "<group>"; };
		8441529B2360A86500E4A7B2 /* RequestMethod.swift */ = {isa = PBXFileReference; lastKnownFileType = sourcecode.swift; path = RequestMethod.swift; sourceTree = "<group>"; };
		8441529D2360A87D00E4A7B2 /* Request.swift */ = {isa = PBXFileReference; lastKnownFileType = sourcecode.swift; path = Request.swift; sourceTree = "<group>"; };
		8488E3C1236358A600374CEE /* CurrencyCompareViewModelSpec.swift */ = {isa = PBXFileReference; lastKnownFileType = sourcecode.swift; path = CurrencyCompareViewModelSpec.swift; sourceTree = "<group>"; };
		8488E3C62364809A00374CEE /* JSONSerializerSpec.swift */ = {isa = PBXFileReference; lastKnownFileType = sourcecode.swift; path = JSONSerializerSpec.swift; sourceTree = "<group>"; };
		8488E3C82364843900374CEE /* RequestMethodSpec.swift */ = {isa = PBXFileReference; lastKnownFileType = sourcecode.swift; path = RequestMethodSpec.swift; sourceTree = "<group>"; };
		8488E3CA236484FB00374CEE /* ServiceSpec.swift */ = {isa = PBXFileReference; lastKnownFileType = sourcecode.swift; path = ServiceSpec.swift; sourceTree = "<group>"; };
		84B7DBF7236343F0000B6702 /* AppConstantsSpec.swift */ = {isa = PBXFileReference; lastKnownFileType = sourcecode.swift; path = AppConstantsSpec.swift; sourceTree = "<group>"; };
		84B7DBF9236344CA000B6702 /* NotificationManagerSpec.swift */ = {isa = PBXFileReference; lastKnownFileType = sourcecode.swift; path = NotificationManagerSpec.swift; sourceTree = "<group>"; };
		84B7DBFB23634708000B6702 /* UIView+ReuseSpec.swift */ = {isa = PBXFileReference; lastKnownFileType = sourcecode.swift; path = "UIView+ReuseSpec.swift"; sourceTree = "<group>"; };
		84B7DBFE236347DC000B6702 /* MockCell.swift */ = {isa = PBXFileReference; lastKnownFileType = sourcecode.swift; path = MockCell.swift; sourceTree = "<group>"; };
		84B7DBFF236347DC000B6702 /* MockCell.xib */ = {isa = PBXFileReference; lastKnownFileType = file.xib; path = MockCell.xib; sourceTree = "<group>"; };
		84B7DC05236348E4000B6702 /* CurrencyCellSpec.swift */ = {isa = PBXFileReference; lastKnownFileType = sourcecode.swift; path = CurrencyCellSpec.swift; sourceTree = "<group>"; };
		84B7DC0823634DFC000B6702 /* CurrencySpec.swift */ = {isa = PBXFileReference; lastKnownFileType = sourcecode.swift; path = CurrencySpec.swift; sourceTree = "<group>"; };
		84B7DC0A23634F10000B6702 /* CurrencyPairSpec.swift */ = {isa = PBXFileReference; lastKnownFileType = sourcecode.swift; path = CurrencyPairSpec.swift; sourceTree = "<group>"; };
		84B7DC0E23635036000B6702 /* CurrenciesViewModelSpec.swift */ = {isa = PBXFileReference; lastKnownFileType = sourcecode.swift; path = CurrenciesViewModelSpec.swift; sourceTree = "<group>"; };
		84B7DC1023635171000B6702 /* MockPersistence.swift */ = {isa = PBXFileReference; lastKnownFileType = sourcecode.swift; path = MockPersistence.swift; sourceTree = "<group>"; };
		84C0876523677EB00068A851 /* CurrenciesViewControllerSpec.swift */ = {isa = PBXFileReference; lastKnownFileType = sourcecode.swift; path = CurrenciesViewControllerSpec.swift; sourceTree = "<group>"; };
		84D9B8652360B5F50012E377 /* JSONSerializer.swift */ = {isa = PBXFileReference; lastKnownFileType = sourcecode.swift; path = JSONSerializer.swift; sourceTree = "<group>"; };
		84D9B8672360B6110012E377 /* Request+Methods.swift */ = {isa = PBXFileReference; lastKnownFileType = sourcecode.swift; path = "Request+Methods.swift"; sourceTree = "<group>"; };
		84D9B8692360B6740012E377 /* ApiResponse.swift */ = {isa = PBXFileReference; lastKnownFileType = sourcecode.swift; path = ApiResponse.swift; sourceTree = "<group>"; };
		84D9B86B2360B69F0012E377 /* Service+Requests.swift */ = {isa = PBXFileReference; lastKnownFileType = sourcecode.swift; path = "Service+Requests.swift"; sourceTree = "<group>"; };
		84D9B86D2360B6CE0012E377 /* BackendRequesting.swift */ = {isa = PBXFileReference; lastKnownFileType = sourcecode.swift; path = BackendRequesting.swift; sourceTree = "<group>"; };
		84D9B8702360B6F70012E377 /* AppConstants.swift */ = {isa = PBXFileReference; lastKnownFileType = sourcecode.swift; path = AppConstants.swift; sourceTree = "<group>"; };
		84D9B8722360B7EE0012E377 /* BackendError.swift */ = {isa = PBXFileReference; lastKnownFileType = sourcecode.swift; path = BackendError.swift; sourceTree = "<group>"; };
		84D9B8752360BAE00012E377 /* CurrencyCompareViewController.swift */ = {isa = PBXFileReference; lastKnownFileType = sourcecode.swift; path = CurrencyCompareViewController.swift; sourceTree = "<group>"; };
		84D9B8772360BB130012E377 /* CurrencyCompareViewModel.swift */ = {isa = PBXFileReference; lastKnownFileType = sourcecode.swift; path = CurrencyCompareViewModel.swift; sourceTree = "<group>"; };
		84D9B8792360BB280012E377 /* CurrencyCompare.storyboard */ = {isa = PBXFileReference; lastKnownFileType = file.storyboard; path = CurrencyCompare.storyboard; sourceTree = "<group>"; };
		84D9B87C2360BCF30012E377 /* Currencies.storyboard */ = {isa = PBXFileReference; lastKnownFileType = file.storyboard; path = Currencies.storyboard; sourceTree = "<group>"; };
		84D9B87E2360BCFE0012E377 /* CurrenciesViewController.swift */ = {isa = PBXFileReference; lastKnownFileType = sourcecode.swift; path = CurrenciesViewController.swift; sourceTree = "<group>"; };
		84D9B8802360BD060012E377 /* CurrenciesViewModel.swift */ = {isa = PBXFileReference; lastKnownFileType = sourcecode.swift; path = CurrenciesViewModel.swift; sourceTree = "<group>"; };
		84F9147B236211E00038542C /* Database+Currency.swift */ = {isa = PBXFileReference; lastKnownFileType = sourcecode.swift; path = "Database+Currency.swift"; sourceTree = "<group>"; };
/* End PBXFileReference section */

/* Begin PBXFrameworksBuildPhase section */
		844152622360A1F300E4A7B2 /* Frameworks */ = {
			isa = PBXFrameworksBuildPhase;
			buildActionMask = 2147483647;
			files = (
			);
			runOnlyForDeploymentPostprocessing = 0;
		};
		8441527B2360A1F500E4A7B2 /* Frameworks */ = {
			isa = PBXFrameworksBuildPhase;
			buildActionMask = 2147483647;
			files = (
			);
			runOnlyForDeploymentPostprocessing = 0;
		};
/* End PBXFrameworksBuildPhase section */

/* Begin PBXGroup section */
		84135E5B23677646008841A7 /* Persistence */ = {
			isa = PBXGroup;
			children = (
				84135E5F2367765C008841A7 /* Database+CurrencySpec.swift */,
				84135E61236778D7008841A7 /* DatabaseSpec.swift */,
			);
			path = Persistence;
			sourceTree = "<group>";
		};
		842CF35E23621D9E0086F63A /* Custom Views */ = {
			isa = PBXGroup;
			children = (
				842CF364236223DE0086F63A /* ActionButton.swift */,
				8437A64A2364DEF8007AEF54 /* CurrencyLabel.swift */,
				8437A64E2364EC12007AEF54 /* RoundedImageView.swift */,
				842CF35F23621DA50086F63A /* Cells */,
			);
			path = "Custom Views";
			sourceTree = "<group>";
		};
		842CF35F23621DA50086F63A /* Cells */ = {
			isa = PBXGroup;
			children = (
				84105B872360DABC00897773 /* CurrencyCell.swift */,
				84105B882360DABC00897773 /* CurrencyCell.xib */,
				842CF36623622D480086F63A /* CurrencyRateCell.swift */,
				842CF36723622D480086F63A /* CurrencyRateCell.xib */,
			);
			path = Cells;
			sourceTree = "<group>";
		};
		8441525C2360A1F300E4A7B2 = {
			isa = PBXGroup;
			children = (
				844152672360A1F300E4A7B2 /* revolut_ios_test */,
				844152812360A1F500E4A7B2 /* revolut_ios_testTests */,
				844152662360A1F300E4A7B2 /* Products */,
			);
			sourceTree = "<group>";
		};
		844152662360A1F300E4A7B2 /* Products */ = {
			isa = PBXGroup;
			children = (
				844152652360A1F300E4A7B2 /* revolut_ios_test.app */,
				8441527E2360A1F500E4A7B2 /* revolut_ios_testTests.xctest */,
			);
			name = Products;
			sourceTree = "<group>";
		};
		844152672360A1F300E4A7B2 /* revolut_ios_test */ = {
			isa = PBXGroup;
			children = (
				844152682360A1F300E4A7B2 /* AppDelegate.swift */,
				84D9B86F2360B6EB0012E377 /* Components */,
				844152902360A2EB00E4A7B2 /* Models */,
				8441528D2360A2D900E4A7B2 /* Modules */,
				8441528F2360A2E400E4A7B2 /* Persistence */,
				8441528E2360A2E000E4A7B2 /* Service */,
				844152912360A2F200E4A7B2 /* Supporting Files */,
			);
			path = revolut_ios_test;
			sourceTree = "<group>";
		};
		844152812360A1F500E4A7B2 /* revolut_ios_testTests */ = {
			isa = PBXGroup;
			children = (
				844152842360A1F500E4A7B2 /* Info.plist */,
				84B7DBF6236343BF000B6702 /* Components */,
				84B7DBFD236347C4000B6702 /* Mocks */,
				84B7DC0723634DEC000B6702 /* Models */,
				84B7DC0C23635004000B6702 /* Modules */,
				84135E5B23677646008841A7 /* Persistence */,
				8488E3C32364806400374CEE /* Service */,
			);
			path = revolut_ios_testTests;
			sourceTree = "<group>";
		};
		8441528D2360A2D900E4A7B2 /* Modules */ = {
			isa = PBXGroup;
			children = (
				84D9B87B2360BCE70012E377 /* Currencies */,
				84D9B8742360BAAE0012E377 /* CurrencyCompareOverview */,
			);
			path = Modules;
			sourceTree = "<group>";
		};
		8441528E2360A2E000E4A7B2 /* Service */ = {
			isa = PBXGroup;
			children = (
				84D9B8692360B6740012E377 /* ApiResponse.swift */,
				84D9B8722360B7EE0012E377 /* BackendError.swift */,
				84D9B86D2360B6CE0012E377 /* BackendRequesting.swift */,
				84D9B8652360B5F50012E377 /* JSONSerializer.swift */,
				8441529B2360A86500E4A7B2 /* RequestMethod.swift */,
				844152962360A4DB00E4A7B2 /* Service.swift */,
				84D9B86B2360B69F0012E377 /* Service+Requests.swift */,
				844152982360A6FF00E4A7B2 /* Request */,
			);
			path = Service;
			sourceTree = "<group>";
		};
		8441528F2360A2E400E4A7B2 /* Persistence */ = {
			isa = PBXGroup;
			children = (
				842CF35C23621D8B0086F63A /* CDCurrencyPair+CurrencyPair.swift */,
				84105B8B2360DE1300897773 /* Database.swift */,
				84F9147B236211E00038542C /* Database+Currency.swift */,
				844152712360A1F300E4A7B2 /* revolut_ios_test.xcdatamodeld */,
			);
			path = Persistence;
			sourceTree = "<group>";
		};
		844152902360A2EB00E4A7B2 /* Models */ = {
			isa = PBXGroup;
			children = (
				844152942360A48000E4A7B2 /* Currency.swift */,
				8437A6502364EC3E007AEF54 /* CurrencyCellItem.swift */,
				8418F2152362176D00FC4AFF /* CurrencyPair.swift */,
				8437A64C2364EBFE007AEF54 /* CurrencyRateModel.swift */,
				8437A6522364EC68007AEF54 /* DummyFileType.swift */,
			);
			path = Models;
			sourceTree = "<group>";
		};
		844152912360A2F200E4A7B2 /* Supporting Files */ = {
			isa = PBXGroup;
			children = (
				844152922360A42A00E4A7B2 /* currencies.json */,
				844152792360A1F500E4A7B2 /* Info.plist */,
				844152742360A1F500E4A7B2 /* Assets.xcassets */,
				844152762360A1F500E4A7B2 /* LaunchScreen.storyboard */,
			);
			path = "Supporting Files";
			sourceTree = "<group>";
		};
		844152982360A6FF00E4A7B2 /* Request */ = {
			isa = PBXGroup;
			children = (
				844152992360A70B00E4A7B2 /* ExchangeRateRequest.swift */,
				8441529D2360A87D00E4A7B2 /* Request.swift */,
				84D9B8672360B6110012E377 /* Request+Methods.swift */,
			);
			path = Request;
			sourceTree = "<group>";
		};
		8488E3C02363589600374CEE /* CurrenciesCompareOverview */ = {
			isa = PBXGroup;
			children = (
				8488E3C1236358A600374CEE /* CurrencyCompareViewModelSpec.swift */,
			);
			path = CurrenciesCompareOverview;
			sourceTree = "<group>";
		};
		8488E3C32364806400374CEE /* Service */ = {
			isa = PBXGroup;
			children = (
				8437A6382364D2E0007AEF54 /* ExchangeRateRequestSpec.swift */,
				8488E3C62364809A00374CEE /* JSONSerializerSpec.swift */,
				8437A63A2364D83C007AEF54 /* Request+MethodsSpec.swift */,
				8488E3C82364843900374CEE /* RequestMethodSpec.swift */,
				8437A6362364CDCF007AEF54 /* Service+RequestsSpec.swift */,
				8488E3CA236484FB00374CEE /* ServiceSpec.swift */,
			);
			path = Service;
			sourceTree = "<group>";
		};
		84B7DBF6236343BF000B6702 /* Components */ = {
			isa = PBXGroup;
			children = (
				84B7DBF7236343F0000B6702 /* AppConstantsSpec.swift */,
				84B7DBF9236344CA000B6702 /* NotificationManagerSpec.swift */,
				84B7DBFB23634708000B6702 /* UIView+ReuseSpec.swift */,
				84135E5823677415008841A7 /* UIViewController+DescribingSpec.swift */,
				84B7DC022363489D000B6702 /* CustomViews */,
			);
			path = Components;
			sourceTree = "<group>";
		};
		84B7DBFD236347C4000B6702 /* Mocks */ = {
			isa = PBXGroup;
			children = (
				84B7DBFE236347DC000B6702 /* MockCell.swift */,
				84B7DBFF236347DC000B6702 /* MockCell.xib */,
				84B7DC1023635171000B6702 /* MockPersistence.swift */,
			);
			path = Mocks;
			sourceTree = "<group>";
		};
		84B7DC022363489D000B6702 /* CustomViews */ = {
			isa = PBXGroup;
			children = (
				84B7DC05236348E4000B6702 /* CurrencyCellSpec.swift */,
			);
			path = CustomViews;
			sourceTree = "<group>";
		};
		84B7DC0723634DEC000B6702 /* Models */ = {
			isa = PBXGroup;
			children = (
				84B7DC0823634DFC000B6702 /* CurrencySpec.swift */,
				84B7DC0A23634F10000B6702 /* CurrencyPairSpec.swift */,
			);
			path = Models;
			sourceTree = "<group>";
		};
		84B7DC0C23635004000B6702 /* Modules */ = {
			isa = PBXGroup;
			children = (
				8488E3C02363589600374CEE /* CurrenciesCompareOverview */,
				84B7DC0D2363501E000B6702 /* Currencies */,
			);
			path = Modules;
			sourceTree = "<group>";
		};
		84B7DC0D2363501E000B6702 /* Currencies */ = {
			isa = PBXGroup;
			children = (
				84B7DC0E23635036000B6702 /* CurrenciesViewModelSpec.swift */,
				84C0876523677EB00068A851 /* CurrenciesViewControllerSpec.swift */,
			);
			path = Currencies;
			sourceTree = "<group>";
		};
		84D9B86F2360B6EB0012E377 /* Components */ = {
			isa = PBXGroup;
			children = (
				84D9B8702360B6F70012E377 /* AppConstants.swift */,
				842CF36A2362D3AD0086F63A /* NotificationManager.swift */,
				842CF362236220360086F63A /* UITableView+reuse.swift */,
				842CF3602362201E0086F63A /* UIView+reuse.swift */,
				84135E5623677353008841A7 /* UIViewController+describing.swift */,
				842CF35E23621D9E0086F63A /* Custom Views */,
			);
			path = Components;
			sourceTree = "<group>";
		};
		84D9B8742360BAAE0012E377 /* CurrencyCompareOverview */ = {
			isa = PBXGroup;
			children = (
				84D9B8792360BB280012E377 /* CurrencyCompare.storyboard */,
				84D9B8752360BAE00012E377 /* CurrencyCompareViewController.swift */,
				84D9B8772360BB130012E377 /* CurrencyCompareViewModel.swift */,
			);
			path = CurrencyCompareOverview;
			sourceTree = "<group>";
		};
		84D9B87B2360BCE70012E377 /* Currencies */ = {
			isa = PBXGroup;
			children = (
				84D9B87C2360BCF30012E377 /* Currencies.storyboard */,
				84D9B87E2360BCFE0012E377 /* CurrenciesViewController.swift */,
				84D9B8802360BD060012E377 /* CurrenciesViewModel.swift */,
			);
			path = Currencies;
			sourceTree = "<group>";
		};
/* End PBXGroup section */

/* Begin PBXNativeTarget section */
		844152642360A1F300E4A7B2 /* revolut_ios_test */ = {
			isa = PBXNativeTarget;
			buildConfigurationList = 844152872360A1F500E4A7B2 /* Build configuration list for PBXNativeTarget "revolut_ios_test" */;
			buildPhases = (
				844152612360A1F300E4A7B2 /* Sources */,
				844152622360A1F300E4A7B2 /* Frameworks */,
				844152632360A1F300E4A7B2 /* Resources */,
			);
			buildRules = (
			);
			dependencies = (
			);
			name = revolut_ios_test;
			productName = revolut_ios_test;
			productReference = 844152652360A1F300E4A7B2 /* revolut_ios_test.app */;
			productType = "com.apple.product-type.application";
		};
		8441527D2360A1F500E4A7B2 /* revolut_ios_testTests */ = {
			isa = PBXNativeTarget;
			buildConfigurationList = 8441528A2360A1F500E4A7B2 /* Build configuration list for PBXNativeTarget "revolut_ios_testTests" */;
			buildPhases = (
				8441527A2360A1F500E4A7B2 /* Sources */,
				8441527B2360A1F500E4A7B2 /* Frameworks */,
				8441527C2360A1F500E4A7B2 /* Resources */,
			);
			buildRules = (
			);
			dependencies = (
				844152802360A1F500E4A7B2 /* PBXTargetDependency */,
			);
			name = revolut_ios_testTests;
			productName = revolut_ios_testTests;
			productReference = 8441527E2360A1F500E4A7B2 /* revolut_ios_testTests.xctest */;
			productType = "com.apple.product-type.bundle.unit-test";
		};
/* End PBXNativeTarget section */

/* Begin PBXProject section */
		8441525D2360A1F300E4A7B2 /* Project object */ = {
			isa = PBXProject;
			attributes = {
				LastSwiftUpdateCheck = 1100;
				LastUpgradeCheck = 1100;
				ORGANIZATIONNAME = HannesVDB;
				TargetAttributes = {
					844152642360A1F300E4A7B2 = {
						CreatedOnToolsVersion = 11.0;
					};
					8441527D2360A1F500E4A7B2 = {
						CreatedOnToolsVersion = 11.0;
						TestTargetID = 844152642360A1F300E4A7B2;
					};
				};
			};
			buildConfigurationList = 844152602360A1F300E4A7B2 /* Build configuration list for PBXProject "revolut_ios_test" */;
			compatibilityVersion = "Xcode 9.3";
			developmentRegion = en;
			hasScannedForEncodings = 0;
			knownRegions = (
				en,
				Base,
			);
			mainGroup = 8441525C2360A1F300E4A7B2;
			productRefGroup = 844152662360A1F300E4A7B2 /* Products */;
			projectDirPath = "";
			projectRoot = "";
			targets = (
				844152642360A1F300E4A7B2 /* revolut_ios_test */,
				8441527D2360A1F500E4A7B2 /* revolut_ios_testTests */,
			);
		};
/* End PBXProject section */

/* Begin PBXResourcesBuildPhase section */
		844152632360A1F300E4A7B2 /* Resources */ = {
			isa = PBXResourcesBuildPhase;
			buildActionMask = 2147483647;
			files = (
				84D9B87A2360BB280012E377 /* CurrencyCompare.storyboard in Resources */,
				844152782360A1F500E4A7B2 /* LaunchScreen.storyboard in Resources */,
				844152752360A1F500E4A7B2 /* Assets.xcassets in Resources */,
				84D9B87D2360BCF30012E377 /* Currencies.storyboard in Resources */,
				842CF36923622D480086F63A /* CurrencyRateCell.xib in Resources */,
				844152932360A42A00E4A7B2 /* currencies.json in Resources */,
				84105B8A2360DABC00897773 /* CurrencyCell.xib in Resources */,
			);
			runOnlyForDeploymentPostprocessing = 0;
		};
		8441527C2360A1F500E4A7B2 /* Resources */ = {
			isa = PBXResourcesBuildPhase;
			buildActionMask = 2147483647;
			files = (
				84B7DC01236347DC000B6702 /* MockCell.xib in Resources */,
			);
			runOnlyForDeploymentPostprocessing = 0;
		};
/* End PBXResourcesBuildPhase section */

/* Begin PBXSourcesBuildPhase section */
		844152612360A1F300E4A7B2 /* Sources */ = {
			isa = PBXSourcesBuildPhase;
			buildActionMask = 2147483647;
			files = (
				84D9B86A2360B6740012E377 /* ApiResponse.swift in Sources */,
				844152952360A48000E4A7B2 /* Currency.swift in Sources */,
				84135E5723677353008841A7 /* UIViewController+describing.swift in Sources */,
				84D9B8662360B5F50012E377 /* JSONSerializer.swift in Sources */,
				8437A64B2364DEF8007AEF54 /* CurrencyLabel.swift in Sources */,
				84D9B8682360B6110012E377 /* Request+Methods.swift in Sources */,
				842CF36823622D480086F63A /* CurrencyRateCell.swift in Sources */,
				8441529E2360A87D00E4A7B2 /* Request.swift in Sources */,
				84F9147C236211E00038542C /* Database+Currency.swift in Sources */,
				8437A64D2364EBFE007AEF54 /* CurrencyRateModel.swift in Sources */,
				84D9B8812360BD060012E377 /* CurrenciesViewModel.swift in Sources */,
				842CF363236220360086F63A /* UITableView+reuse.swift in Sources */,
				842CF3612362201E0086F63A /* UIView+reuse.swift in Sources */,
				8441529A2360A70B00E4A7B2 /* ExchangeRateRequest.swift in Sources */,
				84D9B8762360BAE00012E377 /* CurrencyCompareViewController.swift in Sources */,
				844152972360A4DB00E4A7B2 /* Service.swift in Sources */,
				8441529C2360A86500E4A7B2 /* RequestMethod.swift in Sources */,
				842CF365236223DE0086F63A /* ActionButton.swift in Sources */,
				842CF35D23621D8B0086F63A /* CDCurrencyPair+CurrencyPair.swift in Sources */,
				84D9B86C2360B69F0012E377 /* Service+Requests.swift in Sources */,
				84105B8C2360DE1300897773 /* Database.swift in Sources */,
				842CF36B2362D3AD0086F63A /* NotificationManager.swift in Sources */,
				844152692360A1F300E4A7B2 /* AppDelegate.swift in Sources */,
				84D9B8712360B6F70012E377 /* AppConstants.swift in Sources */,
				84D9B87F2360BCFE0012E377 /* CurrenciesViewController.swift in Sources */,
				84D9B8732360B7EE0012E377 /* BackendError.swift in Sources */,
				8437A6532364EC68007AEF54 /* DummyFileType.swift in Sources */,
				84D9B86E2360B6CE0012E377 /* BackendRequesting.swift in Sources */,
				84105B892360DABC00897773 /* CurrencyCell.swift in Sources */,
				8437A64F2364EC12007AEF54 /* RoundedImageView.swift in Sources */,
				8418F2162362176D00FC4AFF /* CurrencyPair.swift in Sources */,
				8437A6512364EC3E007AEF54 /* CurrencyCellItem.swift in Sources */,
				844152732360A1F300E4A7B2 /* revolut_ios_test.xcdatamodeld in Sources */,
				84D9B8782360BB130012E377 /* CurrencyCompareViewModel.swift in Sources */,
			);
			runOnlyForDeploymentPostprocessing = 0;
		};
		8441527A2360A1F500E4A7B2 /* Sources */ = {
			isa = PBXSourcesBuildPhase;
			buildActionMask = 2147483647;
			files = (
				8488E3CB236484FB00374CEE /* ServiceSpec.swift in Sources */,
				84B7DC0B23634F10000B6702 /* CurrencyPairSpec.swift in Sources */,
				84B7DBFC23634708000B6702 /* UIView+ReuseSpec.swift in Sources */,
				84135E602367765C008841A7 /* Database+CurrencySpec.swift in Sources */,
				84135E62236778D7008841A7 /* DatabaseSpec.swift in Sources */,
				84B7DC0F23635036000B6702 /* CurrenciesViewModelSpec.swift in Sources */,
				84C0876623677EB00068A851 /* CurrenciesViewControllerSpec.swift in Sources */,
				84B7DBFA236344CA000B6702 /* NotificationManagerSpec.swift in Sources */,
				84135E5923677415008841A7 /* UIViewController+DescribingSpec.swift in Sources */,
				8488E3C2236358A600374CEE /* CurrencyCompareViewModelSpec.swift in Sources */,
				8488E3C72364809A00374CEE /* JSONSerializerSpec.swift in Sources */,
				8437A63B2364D83D007AEF54 /* Request+MethodsSpec.swift in Sources */,
				84B7DC06236348E4000B6702 /* CurrencyCellSpec.swift in Sources */,
				84B7DC0923634DFC000B6702 /* CurrencySpec.swift in Sources */,
				84B7DBF8236343F0000B6702 /* AppConstantsSpec.swift in Sources */,
				8437A6372364CDCF007AEF54 /* Service+RequestsSpec.swift in Sources */,
				84B7DC1123635171000B6702 /* MockPersistence.swift in Sources */,
				84B7DC00236347DC000B6702 /* MockCell.swift in Sources */,
				8488E3C92364843900374CEE /* RequestMethodSpec.swift in Sources */,
				8437A6392364D2E0007AEF54 /* ExchangeRateRequestSpec.swift in Sources */,
			);
			runOnlyForDeploymentPostprocessing = 0;
		};
/* End PBXSourcesBuildPhase section */

/* Begin PBXTargetDependency section */
		844152802360A1F500E4A7B2 /* PBXTargetDependency */ = {
			isa = PBXTargetDependency;
			target = 844152642360A1F300E4A7B2 /* revolut_ios_test */;
			targetProxy = 8441527F2360A1F500E4A7B2 /* PBXContainerItemProxy */;
		};
/* End PBXTargetDependency section */

/* Begin PBXVariantGroup section */
		844152762360A1F500E4A7B2 /* LaunchScreen.storyboard */ = {
			isa = PBXVariantGroup;
			children = (
				844152772360A1F500E4A7B2 /* Base */,
			);
			name = LaunchScreen.storyboard;
			sourceTree = "<group>";
		};
/* End PBXVariantGroup section */

/* Begin XCBuildConfiguration section */
		844152852360A1F500E4A7B2 /* Debug */ = {
			isa = XCBuildConfiguration;
			buildSettings = {
				ALWAYS_SEARCH_USER_PATHS = NO;
				CLANG_ANALYZER_NONNULL = YES;
				CLANG_ANALYZER_NUMBER_OBJECT_CONVERSION = YES_AGGRESSIVE;
				CLANG_CXX_LANGUAGE_STANDARD = "gnu++14";
				CLANG_CXX_LIBRARY = "libc++";
				CLANG_ENABLE_MODULES = YES;
				CLANG_ENABLE_OBJC_ARC = YES;
				CLANG_ENABLE_OBJC_WEAK = YES;
				CLANG_WARN_BLOCK_CAPTURE_AUTORELEASING = YES;
				CLANG_WARN_BOOL_CONVERSION = YES;
				CLANG_WARN_COMMA = YES;
				CLANG_WARN_CONSTANT_CONVERSION = YES;
				CLANG_WARN_DEPRECATED_OBJC_IMPLEMENTATIONS = YES;
				CLANG_WARN_DIRECT_OBJC_ISA_USAGE = YES_ERROR;
				CLANG_WARN_DOCUMENTATION_COMMENTS = YES;
				CLANG_WARN_EMPTY_BODY = YES;
				CLANG_WARN_ENUM_CONVERSION = YES;
				CLANG_WARN_INFINITE_RECURSION = YES;
				CLANG_WARN_INT_CONVERSION = YES;
				CLANG_WARN_NON_LITERAL_NULL_CONVERSION = YES;
				CLANG_WARN_OBJC_IMPLICIT_RETAIN_SELF = YES;
				CLANG_WARN_OBJC_LITERAL_CONVERSION = YES;
				CLANG_WARN_OBJC_ROOT_CLASS = YES_ERROR;
				CLANG_WARN_RANGE_LOOP_ANALYSIS = YES;
				CLANG_WARN_STRICT_PROTOTYPES = YES;
				CLANG_WARN_SUSPICIOUS_MOVE = YES;
				CLANG_WARN_UNGUARDED_AVAILABILITY = YES_AGGRESSIVE;
				CLANG_WARN_UNREACHABLE_CODE = YES;
				CLANG_WARN__DUPLICATE_METHOD_MATCH = YES;
				COPY_PHASE_STRIP = NO;
				DEBUG_INFORMATION_FORMAT = dwarf;
				ENABLE_STRICT_OBJC_MSGSEND = YES;
				ENABLE_TESTABILITY = YES;
				GCC_C_LANGUAGE_STANDARD = gnu11;
				GCC_DYNAMIC_NO_PIC = NO;
				GCC_NO_COMMON_BLOCKS = YES;
				GCC_OPTIMIZATION_LEVEL = 0;
				GCC_PREPROCESSOR_DEFINITIONS = (
					"DEBUG=1",
					"$(inherited)",
				);
				GCC_WARN_64_TO_32_BIT_CONVERSION = YES;
				GCC_WARN_ABOUT_RETURN_TYPE = YES_ERROR;
				GCC_WARN_UNDECLARED_SELECTOR = YES;
				GCC_WARN_UNINITIALIZED_AUTOS = YES_AGGRESSIVE;
				GCC_WARN_UNUSED_FUNCTION = YES;
				GCC_WARN_UNUSED_VARIABLE = YES;
				IPHONEOS_DEPLOYMENT_TARGET = 13.0;
				MTL_ENABLE_DEBUG_INFO = INCLUDE_SOURCE;
				MTL_FAST_MATH = YES;
				ONLY_ACTIVE_ARCH = YES;
				SDKROOT = iphoneos;
				SWIFT_ACTIVE_COMPILATION_CONDITIONS = DEBUG;
				SWIFT_OPTIMIZATION_LEVEL = "-Onone";
			};
			name = Debug;
		};
		844152862360A1F500E4A7B2 /* Release */ = {
			isa = XCBuildConfiguration;
			buildSettings = {
				ALWAYS_SEARCH_USER_PATHS = NO;
				CLANG_ANALYZER_NONNULL = YES;
				CLANG_ANALYZER_NUMBER_OBJECT_CONVERSION = YES_AGGRESSIVE;
				CLANG_CXX_LANGUAGE_STANDARD = "gnu++14";
				CLANG_CXX_LIBRARY = "libc++";
				CLANG_ENABLE_MODULES = YES;
				CLANG_ENABLE_OBJC_ARC = YES;
				CLANG_ENABLE_OBJC_WEAK = YES;
				CLANG_WARN_BLOCK_CAPTURE_AUTORELEASING = YES;
				CLANG_WARN_BOOL_CONVERSION = YES;
				CLANG_WARN_COMMA = YES;
				CLANG_WARN_CONSTANT_CONVERSION = YES;
				CLANG_WARN_DEPRECATED_OBJC_IMPLEMENTATIONS = YES;
				CLANG_WARN_DIRECT_OBJC_ISA_USAGE = YES_ERROR;
				CLANG_WARN_DOCUMENTATION_COMMENTS = YES;
				CLANG_WARN_EMPTY_BODY = YES;
				CLANG_WARN_ENUM_CONVERSION = YES;
				CLANG_WARN_INFINITE_RECURSION = YES;
				CLANG_WARN_INT_CONVERSION = YES;
				CLANG_WARN_NON_LITERAL_NULL_CONVERSION = YES;
				CLANG_WARN_OBJC_IMPLICIT_RETAIN_SELF = YES;
				CLANG_WARN_OBJC_LITERAL_CONVERSION = YES;
				CLANG_WARN_OBJC_ROOT_CLASS = YES_ERROR;
				CLANG_WARN_RANGE_LOOP_ANALYSIS = YES;
				CLANG_WARN_STRICT_PROTOTYPES = YES;
				CLANG_WARN_SUSPICIOUS_MOVE = YES;
				CLANG_WARN_UNGUARDED_AVAILABILITY = YES_AGGRESSIVE;
				CLANG_WARN_UNREACHABLE_CODE = YES;
				CLANG_WARN__DUPLICATE_METHOD_MATCH = YES;
				COPY_PHASE_STRIP = NO;
				DEBUG_INFORMATION_FORMAT = "dwarf-with-dsym";
				ENABLE_NS_ASSERTIONS = NO;
				ENABLE_STRICT_OBJC_MSGSEND = YES;
				GCC_C_LANGUAGE_STANDARD = gnu11;
				GCC_NO_COMMON_BLOCKS = YES;
				GCC_WARN_64_TO_32_BIT_CONVERSION = YES;
				GCC_WARN_ABOUT_RETURN_TYPE = YES_ERROR;
				GCC_WARN_UNDECLARED_SELECTOR = YES;
				GCC_WARN_UNINITIALIZED_AUTOS = YES_AGGRESSIVE;
				GCC_WARN_UNUSED_FUNCTION = YES;
				GCC_WARN_UNUSED_VARIABLE = YES;
				IPHONEOS_DEPLOYMENT_TARGET = 13.0;
				MTL_ENABLE_DEBUG_INFO = NO;
				MTL_FAST_MATH = YES;
				SDKROOT = iphoneos;
				SWIFT_COMPILATION_MODE = wholemodule;
				SWIFT_OPTIMIZATION_LEVEL = "-O";
				VALIDATE_PRODUCT = YES;
			};
			name = Release;
		};
		844152882360A1F500E4A7B2 /* Debug */ = {
			isa = XCBuildConfiguration;
			buildSettings = {
				ASSETCATALOG_COMPILER_APPICON_NAME = AppIcon;
				CODE_SIGN_STYLE = Automatic;
				DEVELOPMENT_TEAM = AAGAT9WX84;
				INFOPLIST_FILE = "revolut_ios_test/Supporting Files/Info.plist";
				LD_RUNPATH_SEARCH_PATHS = (
					"$(inherited)",
					"@executable_path/Frameworks",
				);
				PRODUCT_BUNDLE_IDENTIFIER = "vdb.hannes.revolut-ios-test";
				PRODUCT_NAME = "$(TARGET_NAME)";
				SWIFT_VERSION = 5.0;
				TARGETED_DEVICE_FAMILY = "1,2";
			};
			name = Debug;
		};
		844152892360A1F500E4A7B2 /* Release */ = {
			isa = XCBuildConfiguration;
			buildSettings = {
				ASSETCATALOG_COMPILER_APPICON_NAME = AppIcon;
				CODE_SIGN_STYLE = Automatic;
				DEVELOPMENT_TEAM = AAGAT9WX84;
				INFOPLIST_FILE = "revolut_ios_test/Supporting Files/Info.plist";
				LD_RUNPATH_SEARCH_PATHS = (
					"$(inherited)",
					"@executable_path/Frameworks",
				);
				PRODUCT_BUNDLE_IDENTIFIER = "vdb.hannes.revolut-ios-test";
				PRODUCT_NAME = "$(TARGET_NAME)";
				SWIFT_VERSION = 5.0;
				TARGETED_DEVICE_FAMILY = "1,2";
			};
			name = Release;
		};
		8441528B2360A1F500E4A7B2 /* Debug */ = {
			isa = XCBuildConfiguration;
			buildSettings = {
				ALWAYS_EMBED_SWIFT_STANDARD_LIBRARIES = YES;
				BUNDLE_LOADER = "$(TEST_HOST)";
				CODE_SIGN_STYLE = Automatic;
				DEVELOPMENT_TEAM = AAGAT9WX84;
				INFOPLIST_FILE = revolut_ios_testTests/Info.plist;
				IPHONEOS_DEPLOYMENT_TARGET = 13.0;
				LD_RUNPATH_SEARCH_PATHS = (
					"$(inherited)",
					"@executable_path/Frameworks",
					"@loader_path/Frameworks",
				);
				PRODUCT_BUNDLE_IDENTIFIER = "vdb.hannes.revolut-ios-testTests";
				PRODUCT_NAME = "$(TARGET_NAME)";
				SWIFT_VERSION = 5.0;
				TARGETED_DEVICE_FAMILY = "1,2";
				TEST_HOST = "$(BUILT_PRODUCTS_DIR)/revolut_ios_test.app/revolut_ios_test";
			};
			name = Debug;
		};
		8441528C2360A1F500E4A7B2 /* Release */ = {
			isa = XCBuildConfiguration;
			buildSettings = {
				ALWAYS_EMBED_SWIFT_STANDARD_LIBRARIES = YES;
				BUNDLE_LOADER = "$(TEST_HOST)";
				CODE_SIGN_STYLE = Automatic;
				DEVELOPMENT_TEAM = AAGAT9WX84;
				INFOPLIST_FILE = revolut_ios_testTests/Info.plist;
				IPHONEOS_DEPLOYMENT_TARGET = 13.0;
				LD_RUNPATH_SEARCH_PATHS = (
					"$(inherited)",
					"@executable_path/Frameworks",
					"@loader_path/Frameworks",
				);
				PRODUCT_BUNDLE_IDENTIFIER = "vdb.hannes.revolut-ios-testTests";
				PRODUCT_NAME = "$(TARGET_NAME)";
				SWIFT_VERSION = 5.0;
				TARGETED_DEVICE_FAMILY = "1,2";
				TEST_HOST = "$(BUILT_PRODUCTS_DIR)/revolut_ios_test.app/revolut_ios_test";
			};
			name = Release;
		};
/* End XCBuildConfiguration section */

/* Begin XCConfigurationList section */
		844152602360A1F300E4A7B2 /* Build configuration list for PBXProject "revolut_ios_test" */ = {
			isa = XCConfigurationList;
			buildConfigurations = (
				844152852360A1F500E4A7B2 /* Debug */,
				844152862360A1F500E4A7B2 /* Release */,
			);
			defaultConfigurationIsVisible = 0;
			defaultConfigurationName = Release;
		};
		844152872360A1F500E4A7B2 /* Build configuration list for PBXNativeTarget "revolut_ios_test" */ = {
			isa = XCConfigurationList;
			buildConfigurations = (
				844152882360A1F500E4A7B2 /* Debug */,
				844152892360A1F500E4A7B2 /* Release */,
			);
			defaultConfigurationIsVisible = 0;
			defaultConfigurationName = Release;
		};
		8441528A2360A1F500E4A7B2 /* Build configuration list for PBXNativeTarget "revolut_ios_testTests" */ = {
			isa = XCConfigurationList;
			buildConfigurations = (
				8441528B2360A1F500E4A7B2 /* Debug */,
				8441528C2360A1F500E4A7B2 /* Release */,
			);
			defaultConfigurationIsVisible = 0;
			defaultConfigurationName = Release;
		};
/* End XCConfigurationList section */

/* Begin XCVersionGroup section */
		844152712360A1F300E4A7B2 /* revolut_ios_test.xcdatamodeld */ = {
			isa = XCVersionGroup;
			children = (
				844152722360A1F300E4A7B2 /* revolut_ios_test.xcdatamodel */,
			);
			currentVersion = 844152722360A1F300E4A7B2 /* revolut_ios_test.xcdatamodel */;
			path = revolut_ios_test.xcdatamodeld;
			sourceTree = "<group>";
			versionGroupType = wrapper.xcdatamodel;
		};
/* End XCVersionGroup section */
	};
	rootObject = 8441525D2360A1F300E4A7B2 /* Project object */;
}
